// !$*UTF8*$!
{
	archiveVersion = 1;
	classes = {
	};
	objectVersion = 46;
	objects = {

/* Begin PBXBuildFile section */
		7E557622FA3122E35CD9B3BE /* Pods_Keyframes_Player.framework in Frameworks */ = {isa = PBXBuildFile; fileRef = 81BC1BE66CDBE9E7B60C1C5C /* Pods_Keyframes_Player.framework */; };
		DD96A3921E00546F004E1209 /* PlaybackViewController.swift in Sources */ = {isa = PBXBuildFile; fileRef = DD96A3911E00546F004E1209 /* PlaybackViewController.swift */; };
		DDA2DE611DFF275A006155E3 /* AppDelegate.swift in Sources */ = {isa = PBXBuildFile; fileRef = DDA2DE601DFF275A006155E3 /* AppDelegate.swift */; };
		DDA2DE631DFF275A006155E3 /* CanvasViewController.swift in Sources */ = {isa = PBXBuildFile; fileRef = DDA2DE621DFF275A006155E3 /* CanvasViewController.swift */; };
		DDA2DE651DFF275A006155E3 /* Document.swift in Sources */ = {isa = PBXBuildFile; fileRef = DDA2DE641DFF275A006155E3 /* Document.swift */; };
		DDA2DE671DFF275A006155E3 /* Assets.xcassets in Resources */ = {isa = PBXBuildFile; fileRef = DDA2DE661DFF275A006155E3 /* Assets.xcassets */; };
		DDA2DE6A1DFF275A006155E3 /* Main.storyboard in Resources */ = {isa = PBXBuildFile; fileRef = DDA2DE681DFF275A006155E3 /* Main.storyboard */; };
		DDA2DE761DFF2874006155E3 /* UsesVector.swift in Sources */ = {isa = PBXBuildFile; fileRef = DDA2DE751DFF2874006155E3 /* UsesVector.swift */; };
		DDA2DE7A1DFF2AF5006155E3 /* CanvasView.swift in Sources */ = {isa = PBXBuildFile; fileRef = DDA2DE791DFF2AF5006155E3 /* CanvasView.swift */; };
/* End PBXBuildFile section */

/* Begin PBXFileReference section */
		0F975873624B0406502B3325 /* Pods-Keyframes Player.release.xcconfig */ = {isa = PBXFileReference; includeInIndex = 1; lastKnownFileType = text.xcconfig; name = "Pods-Keyframes Player.release.xcconfig"; path = "Pods/Target Support Files/Pods-Keyframes Player/Pods-Keyframes Player.release.xcconfig"; sourceTree = "<group>"; };
		3B6884811F3C2D29BCA6B808 /* Pods-Keyframes Player.debug.xcconfig */ = {isa = PBXFileReference; includeInIndex = 1; lastKnownFileType = text.xcconfig; name = "Pods-Keyframes Player.debug.xcconfig"; path = "Pods/Target Support Files/Pods-Keyframes Player/Pods-Keyframes Player.debug.xcconfig"; sourceTree = "<group>"; };
		81BC1BE66CDBE9E7B60C1C5C /* Pods_Keyframes_Player.framework */ = {isa = PBXFileReference; explicitFileType = wrapper.framework; includeInIndex = 0; path = Pods_Keyframes_Player.framework; sourceTree = BUILT_PRODUCTS_DIR; };
		DD96A3911E00546F004E1209 /* PlaybackViewController.swift */ = {isa = PBXFileReference; fileEncoding = 4; lastKnownFileType = sourcecode.swift; path = PlaybackViewController.swift; sourceTree = "<group>"; };
		DDA2DE5D1DFF275A006155E3 /* Keyframes Player.app */ = {isa = PBXFileReference; explicitFileType = wrapper.application; includeInIndex = 0; path = "Keyframes Player.app"; sourceTree = BUILT_PRODUCTS_DIR; };
		DDA2DE601DFF275A006155E3 /* AppDelegate.swift */ = {isa = PBXFileReference; lastKnownFileType = sourcecode.swift; path = AppDelegate.swift; sourceTree = "<group>"; };
		DDA2DE621DFF275A006155E3 /* CanvasViewController.swift */ = {isa = PBXFileReference; lastKnownFileType = sourcecode.swift; path = CanvasViewController.swift; sourceTree = "<group>"; };
		DDA2DE641DFF275A006155E3 /* Document.swift */ = {isa = PBXFileReference; lastKnownFileType = sourcecode.swift; path = Document.swift; sourceTree = "<group>"; };
		DDA2DE661DFF275A006155E3 /* Assets.xcassets */ = {isa = PBXFileReference; lastKnownFileType = folder.assetcatalog; path = Assets.xcassets; sourceTree = "<group>"; };
		DDA2DE691DFF275A006155E3 /* Base */ = {isa = PBXFileReference; lastKnownFileType = file.storyboard; name = Base; path = Base.lproj/Main.storyboard; sourceTree = "<group>"; };
		DDA2DE6B1DFF275A006155E3 /* Info.plist */ = {isa = PBXFileReference; lastKnownFileType = text.plist.xml; path = Info.plist; sourceTree = "<group>"; };
		DDA2DE751DFF2874006155E3 /* UsesVector.swift */ = {isa = PBXFileReference; fileEncoding = 4; lastKnownFileType = sourcecode.swift; path = UsesVector.swift; sourceTree = "<group>"; };
		DDA2DE791DFF2AF5006155E3 /* CanvasView.swift */ = {isa = PBXFileReference; fileEncoding = 4; lastKnownFileType = sourcecode.swift; path = CanvasView.swift; sourceTree = "<group>"; };
/* End PBXFileReference section */

/* Begin PBXFrameworksBuildPhase section */
		DDA2DE5A1DFF275A006155E3 /* Frameworks */ = {
			isa = PBXFrameworksBuildPhase;
			buildActionMask = 2147483647;
			files = (
				7E557622FA3122E35CD9B3BE /* Pods_Keyframes_Player.framework in Frameworks */,
			);
			runOnlyForDeploymentPostprocessing = 0;
		};
/* End PBXFrameworksBuildPhase section */

/* Begin PBXGroup section */
		9F6B03428E732990DCF9F8FC /* Pods */ = {
			isa = PBXGroup;
			children = (
				3B6884811F3C2D29BCA6B808 /* Pods-Keyframes Player.debug.xcconfig */,
				0F975873624B0406502B3325 /* Pods-Keyframes Player.release.xcconfig */,
			);
			name = Pods;
			sourceTree = "<group>";
		};
		BF0499BF98EFF434CFBD81E3 /* Frameworks */ = {
			isa = PBXGroup;
			children = (
				81BC1BE66CDBE9E7B60C1C5C /* Pods_Keyframes_Player.framework */,
			);
			name = Frameworks;
			sourceTree = "<group>";
		};
		DDA2DE541DFF275A006155E3 = {
			isa = PBXGroup;
			children = (
				DDA2DE5F1DFF275A006155E3 /* Keyframes Player */,
				DDA2DE5E1DFF275A006155E3 /* Products */,
				9F6B03428E732990DCF9F8FC /* Pods */,
				BF0499BF98EFF434CFBD81E3 /* Frameworks */,
			);
			sourceTree = "<group>";
		};
		DDA2DE5E1DFF275A006155E3 /* Products */ = {
			isa = PBXGroup;
			children = (
				DDA2DE5D1DFF275A006155E3 /* Keyframes Player.app */,
			);
			name = Products;
			sourceTree = "<group>";
		};
		DDA2DE5F1DFF275A006155E3 /* Keyframes Player */ = {
			isa = PBXGroup;
			children = (
				DDA2DE741DFF2816006155E3 /* Resources */,
				DDA2DE781DFF2AE4006155E3 /* Views */,
				DDA2DE721DFF27FD006155E3 /* Bootstrap */,
				DDA2DE711DFF27F6006155E3 /* Controllers */,
			);
			path = "Keyframes Player";
			sourceTree = "<group>";
		};
		DDA2DE711DFF27F6006155E3 /* Controllers */ = {
			isa = PBXGroup;
			children = (
				DDA2DE641DFF275A006155E3 /* Document.swift */,
				DDA2DE621DFF275A006155E3 /* CanvasViewController.swift */,
				DD96A3911E00546F004E1209 /* PlaybackViewController.swift */,
				DDA2DE751DFF2874006155E3 /* UsesVector.swift */,
			);
			name = Controllers;
			sourceTree = "<group>";
		};
		DDA2DE721DFF27FD006155E3 /* Bootstrap */ = {
			isa = PBXGroup;
			children = (
				DDA2DE601DFF275A006155E3 /* AppDelegate.swift */,
			);
			name = Bootstrap;
			sourceTree = "<group>";
		};
		DDA2DE741DFF2816006155E3 /* Resources */ = {
			isa = PBXGroup;
			children = (
				DDA2DE661DFF275A006155E3 /* Assets.xcassets */,
				DDA2DE681DFF275A006155E3 /* Main.storyboard */,
				DDA2DE6B1DFF275A006155E3 /* Info.plist */,
			);
			name = Resources;
			sourceTree = "<group>";
		};
		DDA2DE781DFF2AE4006155E3 /* Views */ = {
			isa = PBXGroup;
			children = (
				DDA2DE791DFF2AF5006155E3 /* CanvasView.swift */,
			);
			name = Views;
			sourceTree = "<group>";
		};
/* End PBXGroup section */

/* Begin PBXNativeTarget section */
		DDA2DE5C1DFF275A006155E3 /* Keyframes Player */ = {
			isa = PBXNativeTarget;
			buildConfigurationList = DDA2DE6E1DFF275A006155E3 /* Build configuration list for PBXNativeTarget "Keyframes Player" */;
			buildPhases = (
				52B26F33E135E2AE4B517CC4 /* [CP] Check Pods Manifest.lock */,
				DDA2DE591DFF275A006155E3 /* Sources */,
				DDA2DE5A1DFF275A006155E3 /* Frameworks */,
				DDA2DE5B1DFF275A006155E3 /* Resources */,
				3F6E3C45AF196DD7AC697783 /* [CP] Embed Pods Frameworks */,
				67932BA35D860810403F991C /* [CP] Copy Pods Resources */,
			);
			buildRules = (
			);
			dependencies = (
			);
			name = "Keyframes Player";
			productName = "Keyframes Player";
			productReference = DDA2DE5D1DFF275A006155E3 /* Keyframes Player.app */;
			productType = "com.apple.product-type.application";
		};
/* End PBXNativeTarget section */

/* Begin PBXProject section */
		DDA2DE551DFF275A006155E3 /* Project object */ = {
			isa = PBXProject;
			attributes = {
				LastSwiftUpdateCheck = 0810;
				LastUpgradeCheck = 0900;
				ORGANIZATIONNAME = "Guilherme Rambo";
				TargetAttributes = {
					DDA2DE5C1DFF275A006155E3 = {
						CreatedOnToolsVersion = 8.1;
						DevelopmentTeam = 8C7439RJLG;
						LastSwiftMigration = 0900;
						ProvisioningStyle = Automatic;
					};
				};
			};
			buildConfigurationList = DDA2DE581DFF275A006155E3 /* Build configuration list for PBXProject "Keyframes Player" */;
			compatibilityVersion = "Xcode 3.2";
			developmentRegion = English;
			hasScannedForEncodings = 0;
			knownRegions = (
				en,
				Base,
			);
			mainGroup = DDA2DE541DFF275A006155E3;
			productRefGroup = DDA2DE5E1DFF275A006155E3 /* Products */;
			projectDirPath = "";
			projectRoot = "";
			targets = (
				DDA2DE5C1DFF275A006155E3 /* Keyframes Player */,
			);
		};
/* End PBXProject section */

/* Begin PBXResourcesBuildPhase section */
		DDA2DE5B1DFF275A006155E3 /* Resources */ = {
			isa = PBXResourcesBuildPhase;
			buildActionMask = 2147483647;
			files = (
				DDA2DE671DFF275A006155E3 /* Assets.xcassets in Resources */,
				DDA2DE6A1DFF275A006155E3 /* Main.storyboard in Resources */,
			);
			runOnlyForDeploymentPostprocessing = 0;
		};
/* End PBXResourcesBuildPhase section */

/* Begin PBXShellScriptBuildPhase section */
		3F6E3C45AF196DD7AC697783 /* [CP] Embed Pods Frameworks */ = {
			isa = PBXShellScriptBuildPhase;
			buildActionMask = 2147483647;
			files = (
			);
			inputPaths = (
				"${SRCROOT}/Pods/Target Support Files/Pods-Keyframes Player/Pods-Keyframes Player-frameworks.sh",
				"${BUILT_PRODUCTS_DIR}/KVOController/KVOController.framework",
				"${BUILT_PRODUCTS_DIR}/Keyframes/Keyframes.framework",
				"${PODS_ROOT}/Sparkle/Sparkle.framework",
				"${PODS_ROOT}/Sparkle/Sparkle.framework.dSYM",
			);
			name = "[CP] Embed Pods Frameworks";
			outputPaths = (
				"${TARGET_BUILD_DIR}/${FRAMEWORKS_FOLDER_PATH}/KVOController.framework",
				"${TARGET_BUILD_DIR}/${FRAMEWORKS_FOLDER_PATH}/Keyframes.framework",
				"${TARGET_BUILD_DIR}/${FRAMEWORKS_FOLDER_PATH}/Sparkle.framework",
				"${DWARF_DSYM_FOLDER_PATH}/Sparkle.framework.dSYM",
			);
			runOnlyForDeploymentPostprocessing = 0;
			shellPath = /bin/sh;
			shellScript = "\"${SRCROOT}/Pods/Target Support Files/Pods-Keyframes Player/Pods-Keyframes Player-frameworks.sh\"\n";
			showEnvVarsInLog = 0;
		};
		52B26F33E135E2AE4B517CC4 /* [CP] Check Pods Manifest.lock */ = {
			isa = PBXShellScriptBuildPhase;
			buildActionMask = 2147483647;
			files = (
			);
			inputPaths = (
				"${PODS_PODFILE_DIR_PATH}/Podfile.lock",
				"${PODS_ROOT}/Manifest.lock",
			);
			name = "[CP] Check Pods Manifest.lock";
			outputPaths = (
				"$(DERIVED_FILE_DIR)/Pods-Keyframes Player-checkManifestLockResult.txt",
			);
			runOnlyForDeploymentPostprocessing = 0;
			shellPath = /bin/sh;
			shellScript = "diff \"${PODS_PODFILE_DIR_PATH}/Podfile.lock\" \"${PODS_ROOT}/Manifest.lock\" > /dev/null\nif [ $? != 0 ] ; then\n    # print error to STDERR\n    echo \"error: The sandbox is not in sync with the Podfile.lock. Run 'pod install' or update your CocoaPods installation.\" >&2\n    exit 1\nfi\n# This output is used by Xcode 'outputs' to avoid re-running this script phase.\necho \"SUCCESS\" > \"${SCRIPT_OUTPUT_FILE_0}\"\n";
			showEnvVarsInLog = 0;
		};
		67932BA35D860810403F991C /* [CP] Copy Pods Resources */ = {
			isa = PBXShellScriptBuildPhase;
			buildActionMask = 2147483647;
			files = (
			);
			inputPaths = (
			);
			name = "[CP] Copy Pods Resources";
			outputPaths = (
			);
			runOnlyForDeploymentPostprocessing = 0;
			shellPath = /bin/sh;
			shellScript = "\"${SRCROOT}/Pods/Target Support Files/Pods-Keyframes Player/Pods-Keyframes Player-resources.sh\"\n";
			showEnvVarsInLog = 0;
		};
/* End PBXShellScriptBuildPhase section */

/* Begin PBXSourcesBuildPhase section */
		DDA2DE591DFF275A006155E3 /* Sources */ = {
			isa = PBXSourcesBuildPhase;
			buildActionMask = 2147483647;
			files = (
				DDA2DE631DFF275A006155E3 /* CanvasViewController.swift in Sources */,
				DDA2DE611DFF275A006155E3 /* AppDelegate.swift in Sources */,
				DDA2DE7A1DFF2AF5006155E3 /* CanvasView.swift in Sources */,
				DD96A3921E00546F004E1209 /* PlaybackViewController.swift in Sources */,
				DDA2DE761DFF2874006155E3 /* UsesVector.swift in Sources */,
				DDA2DE651DFF275A006155E3 /* Document.swift in Sources */,
			);
			runOnlyForDeploymentPostprocessing = 0;
		};
/* End PBXSourcesBuildPhase section */

/* Begin PBXVariantGroup section */
		DDA2DE681DFF275A006155E3 /* Main.storyboard */ = {
			isa = PBXVariantGroup;
			children = (
				DDA2DE691DFF275A006155E3 /* Base */,
			);
			name = Main.storyboard;
			sourceTree = "<group>";
		};
/* End PBXVariantGroup section */

/* Begin XCBuildConfiguration section */
		DDA2DE6C1DFF275A006155E3 /* Debug */ = {
			isa = XCBuildConfiguration;
			buildSettings = {
				ALWAYS_SEARCH_USER_PATHS = NO;
				CLANG_ANALYZER_NONNULL = YES;
				CLANG_CXX_LANGUAGE_STANDARD = "gnu++0x";
				CLANG_CXX_LIBRARY = "libc++";
				CLANG_ENABLE_MODULES = YES;
				CLANG_ENABLE_OBJC_ARC = YES;
				CLANG_WARN_BLOCK_CAPTURE_AUTORELEASING = YES;
				CLANG_WARN_BOOL_CONVERSION = YES;
				CLANG_WARN_COMMA = YES;
				CLANG_WARN_CONSTANT_CONVERSION = YES;
				CLANG_WARN_DIRECT_OBJC_ISA_USAGE = YES_ERROR;
				CLANG_WARN_DOCUMENTATION_COMMENTS = YES;
				CLANG_WARN_EMPTY_BODY = YES;
				CLANG_WARN_ENUM_CONVERSION = YES;
				CLANG_WARN_INFINITE_RECURSION = YES;
				CLANG_WARN_INT_CONVERSION = YES;
				CLANG_WARN_NON_LITERAL_NULL_CONVERSION = YES;
				CLANG_WARN_OBJC_LITERAL_CONVERSION = YES;
				CLANG_WARN_OBJC_ROOT_CLASS = YES_ERROR;
				CLANG_WARN_RANGE_LOOP_ANALYSIS = YES;
				CLANG_WARN_STRICT_PROTOTYPES = YES;
				CLANG_WARN_SUSPICIOUS_MOVE = YES;
				CLANG_WARN_SUSPICIOUS_MOVES = YES;
				CLANG_WARN_UNREACHABLE_CODE = YES;
				CLANG_WARN__DUPLICATE_METHOD_MATCH = YES;
				CODE_SIGN_IDENTITY = "-";
				COPY_PHASE_STRIP = NO;
				DEBUG_INFORMATION_FORMAT = dwarf;
				ENABLE_STRICT_OBJC_MSGSEND = YES;
				ENABLE_TESTABILITY = YES;
				GCC_C_LANGUAGE_STANDARD = gnu99;
				GCC_DYNAMIC_NO_PIC = NO;
				GCC_NO_COMMON_BLOCKS = YES;
				GCC_OPTIMIZATION_LEVEL = 0;
				GCC_PREPROCESSOR_DEFINITIONS = (
					"DEBUG=1",
					"$(inherited)",
				);
				GCC_WARN_64_TO_32_BIT_CONVERSION = YES;
				GCC_WARN_ABOUT_RETURN_TYPE = YES_ERROR;
				GCC_WARN_UNDECLARED_SELECTOR = YES;
				GCC_WARN_UNINITIALIZED_AUTOS = YES_AGGRESSIVE;
				GCC_WARN_UNUSED_FUNCTION = YES;
				GCC_WARN_UNUSED_VARIABLE = YES;
				MACOSX_DEPLOYMENT_TARGET = 10.12;
				MTL_ENABLE_DEBUG_INFO = YES;
				ONLY_ACTIVE_ARCH = YES;
				SDKROOT = macosx;
				SWIFT_ACTIVE_COMPILATION_CONDITIONS = DEBUG;
				SWIFT_OPTIMIZATION_LEVEL = "-Onone";
			};
			name = Debug;
		};
		DDA2DE6D1DFF275A006155E3 /* Release */ = {
			isa = XCBuildConfiguration;
			buildSettings = {
				ALWAYS_SEARCH_USER_PATHS = NO;
				CLANG_ANALYZER_NONNULL = YES;
				CLANG_CXX_LANGUAGE_STANDARD = "gnu++0x";
				CLANG_CXX_LIBRARY = "libc++";
				CLANG_ENABLE_MODULES = YES;
				CLANG_ENABLE_OBJC_ARC = YES;
				CLANG_WARN_BLOCK_CAPTURE_AUTORELEASING = YES;
				CLANG_WARN_BOOL_CONVERSION = YES;
				CLANG_WARN_COMMA = YES;
				CLANG_WARN_CONSTANT_CONVERSION = YES;
				CLANG_WARN_DIRECT_OBJC_ISA_USAGE = YES_ERROR;
				CLANG_WARN_DOCUMENTATION_COMMENTS = YES;
				CLANG_WARN_EMPTY_BODY = YES;
				CLANG_WARN_ENUM_CONVERSION = YES;
				CLANG_WARN_INFINITE_RECURSION = YES;
				CLANG_WARN_INT_CONVERSION = YES;
				CLANG_WARN_NON_LITERAL_NULL_CONVERSION = YES;
				CLANG_WARN_OBJC_LITERAL_CONVERSION = YES;
				CLANG_WARN_OBJC_ROOT_CLASS = YES_ERROR;
				CLANG_WARN_RANGE_LOOP_ANALYSIS = YES;
				CLANG_WARN_STRICT_PROTOTYPES = YES;
				CLANG_WARN_SUSPICIOUS_MOVE = YES;
				CLANG_WARN_SUSPICIOUS_MOVES = YES;
				CLANG_WARN_UNREACHABLE_CODE = YES;
				CLANG_WARN__DUPLICATE_METHOD_MATCH = YES;
				CODE_SIGN_IDENTITY = "-";
				COPY_PHASE_STRIP = NO;
				DEBUG_INFORMATION_FORMAT = "dwarf-with-dsym";
				ENABLE_NS_ASSERTIONS = NO;
				ENABLE_STRICT_OBJC_MSGSEND = YES;
				GCC_C_LANGUAGE_STANDARD = gnu99;
				GCC_NO_COMMON_BLOCKS = YES;
				GCC_WARN_64_TO_32_BIT_CONVERSION = YES;
				GCC_WARN_ABOUT_RETURN_TYPE = YES_ERROR;
				GCC_WARN_UNDECLARED_SELECTOR = YES;
				GCC_WARN_UNINITIALIZED_AUTOS = YES_AGGRESSIVE;
				GCC_WARN_UNUSED_FUNCTION = YES;
				GCC_WARN_UNUSED_VARIABLE = YES;
				MACOSX_DEPLOYMENT_TARGET = 10.12;
				MTL_ENABLE_DEBUG_INFO = NO;
				SDKROOT = macosx;
				SWIFT_OPTIMIZATION_LEVEL = "-Owholemodule";
			};
			name = Release;
		};
		DDA2DE6F1DFF275A006155E3 /* Debug */ = {
			isa = XCBuildConfiguration;
			baseConfigurationReference = 3B6884811F3C2D29BCA6B808 /* Pods-Keyframes Player.debug.xcconfig */;
			buildSettings = {
				ASSETCATALOG_COMPILER_APPICON_NAME = AppIcon;
				COMBINE_HIDPI_IMAGES = YES;
				DEVELOPMENT_TEAM = 8C7439RJLG;
				INFOPLIST_FILE = "Keyframes Player/Info.plist";
				LD_RUNPATH_SEARCH_PATHS = "$(inherited) @executable_path/../Frameworks";
				PRODUCT_BUNDLE_IDENTIFIER = "br.com.guilhermerambo.Keyframes-Player";
				PRODUCT_NAME = "$(TARGET_NAME)";
				SWIFT_VERSION = 4.0;
			};
			name = Debug;
		};
		DDA2DE701DFF275A006155E3 /* Release */ = {
			isa = XCBuildConfiguration;
			baseConfigurationReference = 0F975873624B0406502B3325 /* Pods-Keyframes Player.release.xcconfig */;
			buildSettings = {
				ASSETCATALOG_COMPILER_APPICON_NAME = AppIcon;
				COMBINE_HIDPI_IMAGES = YES;
				DEVELOPMENT_TEAM = 8C7439RJLG;
				INFOPLIST_FILE = "Keyframes Player/Info.plist";
				LD_RUNPATH_SEARCH_PATHS = "$(inherited) @executable_path/../Frameworks";
				PRODUCT_BUNDLE_IDENTIFIER = "br.com.guilhermerambo.Keyframes-Player";
				PRODUCT_NAME = "$(TARGET_NAME)";
				SWIFT_VERSION = 4.0;
			};
			name = Release;
		};
/* End XCBuildConfiguration section */

/* Begin XCConfigurationList section */
		DDA2DE581DFF275A006155E3 /* Build configuration list for PBXProject "Keyframes Player" */ = {
			isa = XCConfigurationList;
			buildConfigurations = (
				DDA2DE6C1DFF275A006155E3 /* Debug */,
				DDA2DE6D1DFF275A006155E3 /* Release */,
			);
			defaultConfigurationIsVisible = 0;
			defaultConfigurationName = Release;
		};
		DDA2DE6E1DFF275A006155E3 /* Build configuration list for PBXNativeTarget "Keyframes Player" */ = {
			isa = XCConfigurationList;
			buildConfigurations = (
				DDA2DE6F1DFF275A006155E3 /* Debug */,
				DDA2DE701DFF275A006155E3 /* Release */,
			);
			defaultConfigurationIsVisible = 0;
			defaultConfigurationName = Release;
		};
/* End XCConfigurationList section */
	};
	rootObject = DDA2DE551DFF275A006155E3 /* Project object */;
}
