PODS:
  - Keyframes (1.0.0)
  - KVOController (1.2.0)
  - Sparkle (1.16.0)

DEPENDENCIES:
  - Keyframes (from `https://github.com/facebookincubator/Keyframes.git`, branch `master`)
  - KVOController
  - Sparkle

EXTERNAL SOURCES:
  Keyframes:
    :branch: master
    :git: https://github.com/facebookincubator/Keyframes.git

CHECKOUT OPTIONS:
  Keyframes:
    :commit: 91fb999958d7962f06861475628e792032a836da
    :git: https://github.com/facebookincubator/Keyframes.git

SPEC CHECKSUMS:
  Keyframes: 2048d8626d14ef726d1c5cffa0fa5c00f3d8f681
  KVOController: d72ace34afea42468329623b3379ab3cd1d286b6
  Sparkle: 57650c525b8922b1ef72021f9d92287fc7d5d6f0

PODFILE CHECKSUM: 3c261889752726827446b0799a3afc113df8bcdc

COCOAPODS: 1.3.1
